// !$*UTF8*$!
{
	archiveVersion = 1;
	classes = {
	};
	objectVersion = 46;
	objects = {

/* Begin PBXBuildFile section */
		55BA9D751FA51EDB6418B232 /* Pods_ios_swift_demo.framework in Frameworks */ = {isa = PBXBuildFile; fileRef = EE74EAF3D670E474D7B8C8A3 /* Pods_ios_swift_demo.framework */; };
		5E1F65F4ED2AD6508ABA0C40 /* Pods_ios_swift_demoUITests.framework in Frameworks */ = {isa = PBXBuildFile; fileRef = 8BE8F60E92B193B5D902BCD9 /* Pods_ios_swift_demoUITests.framework */; };
		9A8A13161F6C82DA00D1DDDA /* AppDelegate.swift in Sources */ = {isa = PBXBuildFile; fileRef = 9A8A13151F6C82DA00D1DDDA /* AppDelegate.swift */; };
		9A8A13181F6C82DA00D1DDDA /* ViewController.swift in Sources */ = {isa = PBXBuildFile; fileRef = 9A8A13171F6C82DA00D1DDDA /* ViewController.swift */; };
		9A8A131B1F6C82DA00D1DDDA /* Main.storyboard in Resources */ = {isa = PBXBuildFile; fileRef = 9A8A13191F6C82DA00D1DDDA /* Main.storyboard */; };
		9A8A131D1F6C82DA00D1DDDA /* Assets.xcassets in Resources */ = {isa = PBXBuildFile; fileRef = 9A8A131C1F6C82DA00D1DDDA /* Assets.xcassets */; };
		9A8A13201F6C82DA00D1DDDA /* LaunchScreen.storyboard in Resources */ = {isa = PBXBuildFile; fileRef = 9A8A131E1F6C82DA00D1DDDA /* LaunchScreen.storyboard */; };
		9A8A132B1F6C82DA00D1DDDA /* ios_swift_demoTests.swift in Sources */ = {isa = PBXBuildFile; fileRef = 9A8A132A1F6C82DA00D1DDDA /* ios_swift_demoTests.swift */; };
		9A8A13361F6C82DA00D1DDDA /* ios_swift_demoUITests.swift in Sources */ = {isa = PBXBuildFile; fileRef = 9A8A13351F6C82DA00D1DDDA /* ios_swift_demoUITests.swift */; };
		A2D5C004A9A2F2E30C20DEC4 /* Pods_ios_swift_demoTests.framework in Frameworks */ = {isa = PBXBuildFile; fileRef = 0A32F76665246C2FB8DA092D /* Pods_ios_swift_demoTests.framework */; };
/* End PBXBuildFile section */

/* Begin PBXContainerItemProxy section */
		9A8A13271F6C82DA00D1DDDA /* PBXContainerItemProxy */ = {
			isa = PBXContainerItemProxy;
			containerPortal = 9A8A130A1F6C82DA00D1DDDA /* Project object */;
			proxyType = 1;
			remoteGlobalIDString = 9A8A13111F6C82DA00D1DDDA;
			remoteInfo = "ios-swift-demo";
		};
		9A8A13321F6C82DA00D1DDDA /* PBXContainerItemProxy */ = {
			isa = PBXContainerItemProxy;
			containerPortal = 9A8A130A1F6C82DA00D1DDDA /* Project object */;
			proxyType = 1;
			remoteGlobalIDString = 9A8A13111F6C82DA00D1DDDA;
			remoteInfo = "ios-swift-demo";
		};
/* End PBXContainerItemProxy section */

/* Begin PBXFileReference section */
		04E8FAC26A7C0FD6AA4D8B81 /* Pods-ios-swift-demoUITests.release.xcconfig */ = {isa = PBXFileReference; includeInIndex = 1; lastKnownFileType = text.xcconfig; name = "Pods-ios-swift-demoUITests.release.xcconfig"; path = "Pods/Target Support Files/Pods-ios-swift-demoUITests/Pods-ios-swift-demoUITests.release.xcconfig"; sourceTree = "<group>"; };
		0A32F76665246C2FB8DA092D /* Pods_ios_swift_demoTests.framework */ = {isa = PBXFileReference; explicitFileType = wrapper.framework; includeInIndex = 0; path = Pods_ios_swift_demoTests.framework; sourceTree = BUILT_PRODUCTS_DIR; };
		2E1A24A1331A9D18D8FE57D0 /* Pods-ios-swift-demoTests.debug.xcconfig */ = {isa = PBXFileReference; includeInIndex = 1; lastKnownFileType = text.xcconfig; name = "Pods-ios-swift-demoTests.debug.xcconfig"; path = "Pods/Target Support Files/Pods-ios-swift-demoTests/Pods-ios-swift-demoTests.debug.xcconfig"; sourceTree = "<group>"; };
		54DE7B3B0B037AA88AE5BE74 /* Pods-ios-swift-demo.release.xcconfig */ = {isa = PBXFileReference; includeInIndex = 1; lastKnownFileType = text.xcconfig; name = "Pods-ios-swift-demo.release.xcconfig"; path = "Pods/Target Support Files/Pods-ios-swift-demo/Pods-ios-swift-demo.release.xcconfig"; sourceTree = "<group>"; };
		8A7783FA9A0FA4A3995D74BE /* Pods-ios-swift-demoUITests.debug.xcconfig */ = {isa = PBXFileReference; includeInIndex = 1; lastKnownFileType = text.xcconfig; name = "Pods-ios-swift-demoUITests.debug.xcconfig"; path = "Pods/Target Support Files/Pods-ios-swift-demoUITests/Pods-ios-swift-demoUITests.debug.xcconfig"; sourceTree = "<group>"; };
		8BE8F60E92B193B5D902BCD9 /* Pods_ios_swift_demoUITests.framework */ = {isa = PBXFileReference; explicitFileType = wrapper.framework; includeInIndex = 0; path = Pods_ios_swift_demoUITests.framework; sourceTree = BUILT_PRODUCTS_DIR; };
		92E336A243FA11E612B550DD /* Pods-ios-swift-demoTests.release.xcconfig */ = {isa = PBXFileReference; includeInIndex = 1; lastKnownFileType = text.xcconfig; name = "Pods-ios-swift-demoTests.release.xcconfig"; path = "Pods/Target Support Files/Pods-ios-swift-demoTests/Pods-ios-swift-demoTests.release.xcconfig"; sourceTree = "<group>"; };
		9A8A13121F6C82DA00D1DDDA /* ios-swift-demo.app */ = {isa = PBXFileReference; explicitFileType = wrapper.application; includeInIndex = 0; path = "ios-swift-demo.app"; sourceTree = BUILT_PRODUCTS_DIR; };
		9A8A13151F6C82DA00D1DDDA /* AppDelegate.swift */ = {isa = PBXFileReference; lastKnownFileType = sourcecode.swift; path = AppDelegate.swift; sourceTree = "<group>"; };
		9A8A13171F6C82DA00D1DDDA /* ViewController.swift */ = {isa = PBXFileReference; lastKnownFileType = sourcecode.swift; path = ViewController.swift; sourceTree = "<group>"; };
		9A8A131A1F6C82DA00D1DDDA /* Base */ = {isa = PBXFileReference; lastKnownFileType = file.storyboard; name = Base; path = Base.lproj/Main.storyboard; sourceTree = "<group>"; };
		9A8A131C1F6C82DA00D1DDDA /* Assets.xcassets */ = {isa = PBXFileReference; lastKnownFileType = folder.assetcatalog; path = Assets.xcassets; sourceTree = "<group>"; };
		9A8A131F1F6C82DA00D1DDDA /* Base */ = {isa = PBXFileReference; lastKnownFileType = file.storyboard; name = Base; path = Base.lproj/LaunchScreen.storyboard; sourceTree = "<group>"; };
		9A8A13211F6C82DA00D1DDDA /* Info.plist */ = {isa = PBXFileReference; lastKnownFileType = text.plist.xml; path = Info.plist; sourceTree = "<group>"; };
		9A8A13261F6C82DA00D1DDDA /* ios-swift-demoTests.xctest */ = {isa = PBXFileReference; explicitFileType = wrapper.cfbundle; includeInIndex = 0; path = "ios-swift-demoTests.xctest"; sourceTree = BUILT_PRODUCTS_DIR; };
		9A8A132A1F6C82DA00D1DDDA /* ios_swift_demoTests.swift */ = {isa = PBXFileReference; lastKnownFileType = sourcecode.swift; path = ios_swift_demoTests.swift; sourceTree = "<group>"; };
		9A8A132C1F6C82DA00D1DDDA /* Info.plist */ = {isa = PBXFileReference; lastKnownFileType = text.plist.xml; path = Info.plist; sourceTree = "<group>"; };
		9A8A13311F6C82DA00D1DDDA /* ios-swift-demoUITests.xctest */ = {isa = PBXFileReference; explicitFileType = wrapper.cfbundle; includeInIndex = 0; path = "ios-swift-demoUITests.xctest"; sourceTree = BUILT_PRODUCTS_DIR; };
		9A8A13351F6C82DA00D1DDDA /* ios_swift_demoUITests.swift */ = {isa = PBXFileReference; lastKnownFileType = sourcecode.swift; path = ios_swift_demoUITests.swift; sourceTree = "<group>"; };
		9A8A13371F6C82DA00D1DDDA /* Info.plist */ = {isa = PBXFileReference; lastKnownFileType = text.plist.xml; path = Info.plist; sourceTree = "<group>"; };
		CED610559463CFFF42BC1394 /* Pods-ios-swift-demo.debug.xcconfig */ = {isa = PBXFileReference; includeInIndex = 1; lastKnownFileType = text.xcconfig; name = "Pods-ios-swift-demo.debug.xcconfig"; path = "Pods/Target Support Files/Pods-ios-swift-demo/Pods-ios-swift-demo.debug.xcconfig"; sourceTree = "<group>"; };
		EE74EAF3D670E474D7B8C8A3 /* Pods_ios_swift_demo.framework */ = {isa = PBXFileReference; explicitFileType = wrapper.framework; includeInIndex = 0; path = Pods_ios_swift_demo.framework; sourceTree = BUILT_PRODUCTS_DIR; };
/* End PBXFileReference section */

/* Begin PBXFrameworksBuildPhase section */
		9A8A130F1F6C82DA00D1DDDA /* Frameworks */ = {
			isa = PBXFrameworksBuildPhase;
			buildActionMask = 2147483647;
			files = (
				55BA9D751FA51EDB6418B232 /* Pods_ios_swift_demo.framework in Frameworks */,
			);
			runOnlyForDeploymentPostprocessing = 0;
		};
		9A8A13231F6C82DA00D1DDDA /* Frameworks */ = {
			isa = PBXFrameworksBuildPhase;
			buildActionMask = 2147483647;
			files = (
				A2D5C004A9A2F2E30C20DEC4 /* Pods_ios_swift_demoTests.framework in Frameworks */,
			);
			runOnlyForDeploymentPostprocessing = 0;
		};
		9A8A132E1F6C82DA00D1DDDA /* Frameworks */ = {
			isa = PBXFrameworksBuildPhase;
			buildActionMask = 2147483647;
			files = (
				5E1F65F4ED2AD6508ABA0C40 /* Pods_ios_swift_demoUITests.framework in Frameworks */,
			);
			runOnlyForDeploymentPostprocessing = 0;
		};
/* End PBXFrameworksBuildPhase section */

/* Begin PBXGroup section */
		0FFCD8CCB4B22AF96D031E36 /* Frameworks */ = {
			isa = PBXGroup;
			children = (
				EE74EAF3D670E474D7B8C8A3 /* Pods_ios_swift_demo.framework */,
				0A32F76665246C2FB8DA092D /* Pods_ios_swift_demoTests.framework */,
				8BE8F60E92B193B5D902BCD9 /* Pods_ios_swift_demoUITests.framework */,
			);
			name = Frameworks;
			sourceTree = "<group>";
		};
		14A03B4A6B45E1D6A7290B78 /* Pods */ = {
			isa = PBXGroup;
			children = (
				CED610559463CFFF42BC1394 /* Pods-ios-swift-demo.debug.xcconfig */,
				54DE7B3B0B037AA88AE5BE74 /* Pods-ios-swift-demo.release.xcconfig */,
				2E1A24A1331A9D18D8FE57D0 /* Pods-ios-swift-demoTests.debug.xcconfig */,
				92E336A243FA11E612B550DD /* Pods-ios-swift-demoTests.release.xcconfig */,
				8A7783FA9A0FA4A3995D74BE /* Pods-ios-swift-demoUITests.debug.xcconfig */,
				04E8FAC26A7C0FD6AA4D8B81 /* Pods-ios-swift-demoUITests.release.xcconfig */,
			);
			name = Pods;
			sourceTree = "<group>";
		};
		9A8A13091F6C82DA00D1DDDA = {
			isa = PBXGroup;
			children = (
				9A8A13141F6C82DA00D1DDDA /* ios-swift-demo */,
				9A8A13291F6C82DA00D1DDDA /* ios-swift-demoTests */,
				9A8A13341F6C82DA00D1DDDA /* ios-swift-demoUITests */,
				9A8A13131F6C82DA00D1DDDA /* Products */,
				14A03B4A6B45E1D6A7290B78 /* Pods */,
				0FFCD8CCB4B22AF96D031E36 /* Frameworks */,
			);
			sourceTree = "<group>";
		};
		9A8A13131F6C82DA00D1DDDA /* Products */ = {
			isa = PBXGroup;
			children = (
				9A8A13121F6C82DA00D1DDDA /* ios-swift-demo.app */,
				9A8A13261F6C82DA00D1DDDA /* ios-swift-demoTests.xctest */,
				9A8A13311F6C82DA00D1DDDA /* ios-swift-demoUITests.xctest */,
			);
			name = Products;
			sourceTree = "<group>";
		};
		9A8A13141F6C82DA00D1DDDA /* ios-swift-demo */ = {
			isa = PBXGroup;
			children = (
				9A8A13151F6C82DA00D1DDDA /* AppDelegate.swift */,
				9A8A13171F6C82DA00D1DDDA /* ViewController.swift */,
				9A8A13191F6C82DA00D1DDDA /* Main.storyboard */,
				9A8A131C1F6C82DA00D1DDDA /* Assets.xcassets */,
				9A8A131E1F6C82DA00D1DDDA /* LaunchScreen.storyboard */,
				9A8A13211F6C82DA00D1DDDA /* Info.plist */,
			);
			path = "ios-swift-demo";
			sourceTree = "<group>";
		};
		9A8A13291F6C82DA00D1DDDA /* ios-swift-demoTests */ = {
			isa = PBXGroup;
			children = (
				9A8A132A1F6C82DA00D1DDDA /* ios_swift_demoTests.swift */,
				9A8A132C1F6C82DA00D1DDDA /* Info.plist */,
			);
			path = "ios-swift-demoTests";
			sourceTree = "<group>";
		};
		9A8A13341F6C82DA00D1DDDA /* ios-swift-demoUITests */ = {
			isa = PBXGroup;
			children = (
				9A8A13351F6C82DA00D1DDDA /* ios_swift_demoUITests.swift */,
				9A8A13371F6C82DA00D1DDDA /* Info.plist */,
			);
			path = "ios-swift-demoUITests";
			sourceTree = "<group>";
		};
/* End PBXGroup section */

/* Begin PBXNativeTarget section */
		9A8A13111F6C82DA00D1DDDA /* ios-swift-demo */ = {
			isa = PBXNativeTarget;
			buildConfigurationList = 9A8A133A1F6C82DA00D1DDDA /* Build configuration list for PBXNativeTarget "ios-swift-demo" */;
			buildPhases = (
				E7A3BC836C9E6D69B41B3025 /* [CP] Check Pods Manifest.lock */,
				9A8A130E1F6C82DA00D1DDDA /* Sources */,
				9A8A130F1F6C82DA00D1DDDA /* Frameworks */,
				9A8A13101F6C82DA00D1DDDA /* Resources */,
				FBBA1ED774C38107E6A5A01F /* [CP] Embed Pods Frameworks */,
				1448B5F0A9B341038970A480 /* [CP] Copy Pods Resources */,
			);
			buildRules = (
			);
			dependencies = (
			);
			name = "ios-swift-demo";
			productName = "ios-swift-demo";
			productReference = 9A8A13121F6C82DA00D1DDDA /* ios-swift-demo.app */;
			productType = "com.apple.product-type.application";
		};
		9A8A13251F6C82DA00D1DDDA /* ios-swift-demoTests */ = {
			isa = PBXNativeTarget;
			buildConfigurationList = 9A8A133D1F6C82DA00D1DDDA /* Build configuration list for PBXNativeTarget "ios-swift-demoTests" */;
			buildPhases = (
				F8CDF5982AAEF56760E5B05C /* [CP] Check Pods Manifest.lock */,
				9A8A13221F6C82DA00D1DDDA /* Sources */,
				9A8A13231F6C82DA00D1DDDA /* Frameworks */,
				9A8A13241F6C82DA00D1DDDA /* Resources */,
				61BE5850168DDC96C7F488B4 /* [CP] Embed Pods Frameworks */,
				DE0A7A86402C6D6C1AE1C0B6 /* [CP] Copy Pods Resources */,
			);
			buildRules = (
			);
			dependencies = (
				9A8A13281F6C82DA00D1DDDA /* PBXTargetDependency */,
			);
			name = "ios-swift-demoTests";
			productName = "ios-swift-demoTests";
			productReference = 9A8A13261F6C82DA00D1DDDA /* ios-swift-demoTests.xctest */;
			productType = "com.apple.product-type.bundle.unit-test";
		};
		9A8A13301F6C82DA00D1DDDA /* ios-swift-demoUITests */ = {
			isa = PBXNativeTarget;
			buildConfigurationList = 9A8A13401F6C82DA00D1DDDA /* Build configuration list for PBXNativeTarget "ios-swift-demoUITests" */;
			buildPhases = (
				0B38C64F33D7CE4BDCCB5423 /* [CP] Check Pods Manifest.lock */,
				9A8A132D1F6C82DA00D1DDDA /* Sources */,
				9A8A132E1F6C82DA00D1DDDA /* Frameworks */,
				9A8A132F1F6C82DA00D1DDDA /* Resources */,
				61B11287238FCCFCD423FCA2 /* [CP] Embed Pods Frameworks */,
				5EF3CF603127365B5584616A /* [CP] Copy Pods Resources */,
			);
			buildRules = (
			);
			dependencies = (
				9A8A13331F6C82DA00D1DDDA /* PBXTargetDependency */,
			);
			name = "ios-swift-demoUITests";
			productName = "ios-swift-demoUITests";
			productReference = 9A8A13311F6C82DA00D1DDDA /* ios-swift-demoUITests.xctest */;
			productType = "com.apple.product-type.bundle.ui-testing";
		};
/* End PBXNativeTarget section */

/* Begin PBXProject section */
		9A8A130A1F6C82DA00D1DDDA /* Project object */ = {
			isa = PBXProject;
			attributes = {
				LastSwiftUpdateCheck = 0830;
				LastUpgradeCheck = 0830;
				ORGANIZATIONNAME = "Morris Arroyo";
				TargetAttributes = {
					9A8A13111F6C82DA00D1DDDA = {
						CreatedOnToolsVersion = 8.3.3;
						DevelopmentTeam = 6Y3A7AQ3G3;
						ProvisioningStyle = Automatic;
					};
					9A8A13251F6C82DA00D1DDDA = {
						CreatedOnToolsVersion = 8.3.3;
						DevelopmentTeam = 6Y3A7AQ3G3;
						ProvisioningStyle = Automatic;
						TestTargetID = 9A8A13111F6C82DA00D1DDDA;
					};
					9A8A13301F6C82DA00D1DDDA = {
						CreatedOnToolsVersion = 8.3.3;
						DevelopmentTeam = 6Y3A7AQ3G3;
						ProvisioningStyle = Automatic;
						TestTargetID = 9A8A13111F6C82DA00D1DDDA;
					};
				};
			};
			buildConfigurationList = 9A8A130D1F6C82DA00D1DDDA /* Build configuration list for PBXProject "ios-swift-demo" */;
			compatibilityVersion = "Xcode 3.2";
			developmentRegion = English;
			hasScannedForEncodings = 0;
			knownRegions = (
				en,
				Base,
			);
			mainGroup = 9A8A13091F6C82DA00D1DDDA;
			productRefGroup = 9A8A13131F6C82DA00D1DDDA /* Products */;
			projectDirPath = "";
			projectRoot = "";
			targets = (
				9A8A13111F6C82DA00D1DDDA /* ios-swift-demo */,
				9A8A13251F6C82DA00D1DDDA /* ios-swift-demoTests */,
				9A8A13301F6C82DA00D1DDDA /* ios-swift-demoUITests */,
			);
		};
/* End PBXProject section */

/* Begin PBXResourcesBuildPhase section */
		9A8A13101F6C82DA00D1DDDA /* Resources */ = {
			isa = PBXResourcesBuildPhase;
			buildActionMask = 2147483647;
			files = (
				9A8A13201F6C82DA00D1DDDA /* LaunchScreen.storyboard in Resources */,
				9A8A131D1F6C82DA00D1DDDA /* Assets.xcassets in Resources */,
				9A8A131B1F6C82DA00D1DDDA /* Main.storyboard in Resources */,
			);
			runOnlyForDeploymentPostprocessing = 0;
		};
		9A8A13241F6C82DA00D1DDDA /* Resources */ = {
			isa = PBXResourcesBuildPhase;
			buildActionMask = 2147483647;
			files = (
			);
			runOnlyForDeploymentPostprocessing = 0;
		};
		9A8A132F1F6C82DA00D1DDDA /* Resources */ = {
			isa = PBXResourcesBuildPhase;
			buildActionMask = 2147483647;
			files = (
			);
			runOnlyForDeploymentPostprocessing = 0;
		};
/* End PBXResourcesBuildPhase section */

/* Begin PBXShellScriptBuildPhase section */
		0B38C64F33D7CE4BDCCB5423 /* [CP] Check Pods Manifest.lock */ = {
			isa = PBXShellScriptBuildPhase;
			buildActionMask = 2147483647;
			files = (
			);
			inputPaths = (
				"${PODS_PODFILE_DIR_PATH}/Podfile.lock",
				"${PODS_ROOT}/Manifest.lock",
			);
			name = "[CP] Check Pods Manifest.lock";
			outputPaths = (
				"$(DERIVED_FILE_DIR)/Pods-ios-swift-demoUITests-checkManifestLockResult.txt",
			);
			runOnlyForDeploymentPostprocessing = 0;
			shellPath = /bin/sh;
			shellScript = "diff \"${PODS_PODFILE_DIR_PATH}/Podfile.lock\" \"${PODS_ROOT}/Manifest.lock\" > /dev/null\nif [ $? != 0 ] ; then\n    # print error to STDERR\n    echo \"error: The sandbox is not in sync with the Podfile.lock. Run 'pod install' or update your CocoaPods installation.\" >&2\n    exit 1\nfi\n# This output is used by Xcode 'outputs' to avoid re-running this script phase.\necho \"SUCCESS\" > \"${SCRIPT_OUTPUT_FILE_0}\"\n";
			showEnvVarsInLog = 0;
		};
		1448B5F0A9B341038970A480 /* [CP] Copy Pods Resources */ = {
			isa = PBXShellScriptBuildPhase;
			buildActionMask = 2147483647;
			files = (
			);
			inputPaths = (
			);
			name = "[CP] Copy Pods Resources";
			outputPaths = (
			);
			runOnlyForDeploymentPostprocessing = 0;
			shellPath = /bin/sh;
			shellScript = "\"${SRCROOT}/Pods/Target Support Files/Pods-ios-swift-demo/Pods-ios-swift-demo-resources.sh\"\n";
			showEnvVarsInLog = 0;
		};
		5EF3CF603127365B5584616A /* [CP] Copy Pods Resources */ = {
			isa = PBXShellScriptBuildPhase;
			buildActionMask = 2147483647;
			files = (
			);
			inputPaths = (
			);
			name = "[CP] Copy Pods Resources";
			outputPaths = (
			);
			runOnlyForDeploymentPostprocessing = 0;
			shellPath = /bin/sh;
			shellScript = "\"${SRCROOT}/Pods/Target Support Files/Pods-ios-swift-demoUITests/Pods-ios-swift-demoUITests-resources.sh\"\n";
			showEnvVarsInLog = 0;
		};
		61B11287238FCCFCD423FCA2 /* [CP] Embed Pods Frameworks */ = {
			isa = PBXShellScriptBuildPhase;
			buildActionMask = 2147483647;
			files = (
			);
			inputPaths = (
			);
			name = "[CP] Embed Pods Frameworks";
			outputPaths = (
			);
			runOnlyForDeploymentPostprocessing = 0;
			shellPath = /bin/sh;
			shellScript = "\"${SRCROOT}/Pods/Target Support Files/Pods-ios-swift-demoUITests/Pods-ios-swift-demoUITests-frameworks.sh\"\n";
			showEnvVarsInLog = 0;
		};
		61BE5850168DDC96C7F488B4 /* [CP] Embed Pods Frameworks */ = {
			isa = PBXShellScriptBuildPhase;
			buildActionMask = 2147483647;
			files = (
			);
			inputPaths = (
			);
			name = "[CP] Embed Pods Frameworks";
			outputPaths = (
			);
			runOnlyForDeploymentPostprocessing = 0;
			shellPath = /bin/sh;
			shellScript = "\"${SRCROOT}/Pods/Target Support Files/Pods-ios-swift-demoTests/Pods-ios-swift-demoTests-frameworks.sh\"\n";
			showEnvVarsInLog = 0;
		};
		DE0A7A86402C6D6C1AE1C0B6 /* [CP] Copy Pods Resources */ = {
			isa = PBXShellScriptBuildPhase;
			buildActionMask = 2147483647;
			files = (
			);
			inputPaths = (
			);
			name = "[CP] Copy Pods Resources";
			outputPaths = (
			);
			runOnlyForDeploymentPostprocessing = 0;
			shellPath = /bin/sh;
			shellScript = "\"${SRCROOT}/Pods/Target Support Files/Pods-ios-swift-demoTests/Pods-ios-swift-demoTests-resources.sh\"\n";
			showEnvVarsInLog = 0;
		};
		E7A3BC836C9E6D69B41B3025 /* [CP] Check Pods Manifest.lock */ = {
			isa = PBXShellScriptBuildPhase;
			buildActionMask = 2147483647;
			files = (
			);
			inputPaths = (
				"${PODS_PODFILE_DIR_PATH}/Podfile.lock",
				"${PODS_ROOT}/Manifest.lock",
			);
			name = "[CP] Check Pods Manifest.lock";
			outputPaths = (
				"$(DERIVED_FILE_DIR)/Pods-ios-swift-demo-checkManifestLockResult.txt",
			);
			runOnlyForDeploymentPostprocessing = 0;
			shellPath = /bin/sh;
			shellScript = "diff \"${PODS_PODFILE_DIR_PATH}/Podfile.lock\" \"${PODS_ROOT}/Manifest.lock\" > /dev/null\nif [ $? != 0 ] ; then\n    # print error to STDERR\n    echo \"error: The sandbox is not in sync with the Podfile.lock. Run 'pod install' or update your CocoaPods installation.\" >&2\n    exit 1\nfi\n# This output is used by Xcode 'outputs' to avoid re-running this script phase.\necho \"SUCCESS\" > \"${SCRIPT_OUTPUT_FILE_0}\"\n";
			showEnvVarsInLog = 0;
		};
		F8CDF5982AAEF56760E5B05C /* [CP] Check Pods Manifest.lock */ = {
			isa = PBXShellScriptBuildPhase;
			buildActionMask = 2147483647;
			files = (
			);
			inputPaths = (
				"${PODS_PODFILE_DIR_PATH}/Podfile.lock",
				"${PODS_ROOT}/Manifest.lock",
			);
			name = "[CP] Check Pods Manifest.lock";
			outputPaths = (
				"$(DERIVED_FILE_DIR)/Pods-ios-swift-demoTests-checkManifestLockResult.txt",
			);
			runOnlyForDeploymentPostprocessing = 0;
			shellPath = /bin/sh;
			shellScript = "diff \"${PODS_PODFILE_DIR_PATH}/Podfile.lock\" \"${PODS_ROOT}/Manifest.lock\" > /dev/null\nif [ $? != 0 ] ; then\n    # print error to STDERR\n    echo \"error: The sandbox is not in sync with the Podfile.lock. Run 'pod install' or update your CocoaPods installation.\" >&2\n    exit 1\nfi\n# This output is used by Xcode 'outputs' to avoid re-running this script phase.\necho \"SUCCESS\" > \"${SCRIPT_OUTPUT_FILE_0}\"\n";
			showEnvVarsInLog = 0;
		};
		FBBA1ED774C38107E6A5A01F /* [CP] Embed Pods Frameworks */ = {
			isa = PBXShellScriptBuildPhase;
			buildActionMask = 2147483647;
			files = (
			);
			inputPaths = (
			);
			name = "[CP] Embed Pods Frameworks";
			outputPaths = (
			);
			runOnlyForDeploymentPostprocessing = 0;
			shellPath = /bin/sh;
			shellScript = "\"${SRCROOT}/Pods/Target Support Files/Pods-ios-swift-demo/Pods-ios-swift-demo-frameworks.sh\"\n";
			showEnvVarsInLog = 0;
		};
/* End PBXShellScriptBuildPhase section */

/* Begin PBXSourcesBuildPhase section */
		9A8A130E1F6C82DA00D1DDDA /* Sources */ = {
			isa = PBXSourcesBuildPhase;
			buildActionMask = 2147483647;
			files = (
				9A8A13181F6C82DA00D1DDDA /* ViewController.swift in Sources */,
				9A8A13161F6C82DA00D1DDDA /* AppDelegate.swift in Sources */,
			);
			runOnlyForDeploymentPostprocessing = 0;
		};
		9A8A13221F6C82DA00D1DDDA /* Sources */ = {
			isa = PBXSourcesBuildPhase;
			buildActionMask = 2147483647;
			files = (
				9A8A132B1F6C82DA00D1DDDA /* ios_swift_demoTests.swift in Sources */,
			);
			runOnlyForDeploymentPostprocessing = 0;
		};
		9A8A132D1F6C82DA00D1DDDA /* Sources */ = {
			isa = PBXSourcesBuildPhase;
			buildActionMask = 2147483647;
			files = (
				9A8A13361F6C82DA00D1DDDA /* ios_swift_demoUITests.swift in Sources */,
			);
			runOnlyForDeploymentPostprocessing = 0;
		};
/* End PBXSourcesBuildPhase section */

/* Begin PBXTargetDependency section */
		9A8A13281F6C82DA00D1DDDA /* PBXTargetDependency */ = {
			isa = PBXTargetDependency;
			target = 9A8A13111F6C82DA00D1DDDA /* ios-swift-demo */;
			targetProxy = 9A8A13271F6C82DA00D1DDDA /* PBXContainerItemProxy */;
		};
		9A8A13331F6C82DA00D1DDDA /* PBXTargetDependency */ = {
			isa = PBXTargetDependency;
			target = 9A8A13111F6C82DA00D1DDDA /* ios-swift-demo */;
			targetProxy = 9A8A13321F6C82DA00D1DDDA /* PBXContainerItemProxy */;
		};
/* End PBXTargetDependency section */

/* Begin PBXVariantGroup section */
		9A8A13191F6C82DA00D1DDDA /* Main.storyboard */ = {
			isa = PBXVariantGroup;
			children = (
				9A8A131A1F6C82DA00D1DDDA /* Base */,
			);
			name = Main.storyboard;
			sourceTree = "<group>";
		};
		9A8A131E1F6C82DA00D1DDDA /* LaunchScreen.storyboard */ = {
			isa = PBXVariantGroup;
			children = (
				9A8A131F1F6C82DA00D1DDDA /* Base */,
			);
			name = LaunchScreen.storyboard;
			sourceTree = "<group>";
		};
/* End PBXVariantGroup section */

/* Begin XCBuildConfiguration section */
		9A8A13381F6C82DA00D1DDDA /* Debug */ = {
			isa = XCBuildConfiguration;
			buildSettings = {
				ALWAYS_SEARCH_USER_PATHS = NO;
				CLANG_ANALYZER_NONNULL = YES;
				CLANG_ANALYZER_NUMBER_OBJECT_CONVERSION = YES_AGGRESSIVE;
				CLANG_CXX_LANGUAGE_STANDARD = "gnu++0x";
				CLANG_CXX_LIBRARY = "libc++";
				CLANG_ENABLE_MODULES = YES;
				CLANG_ENABLE_OBJC_ARC = YES;
				CLANG_WARN_BOOL_CONVERSION = YES;
				CLANG_WARN_CONSTANT_CONVERSION = YES;
				CLANG_WARN_DIRECT_OBJC_ISA_USAGE = YES_ERROR;
				CLANG_WARN_DOCUMENTATION_COMMENTS = YES;
				CLANG_WARN_EMPTY_BODY = YES;
				CLANG_WARN_ENUM_CONVERSION = YES;
				CLANG_WARN_INFINITE_RECURSION = YES;
				CLANG_WARN_INT_CONVERSION = YES;
				CLANG_WARN_OBJC_ROOT_CLASS = YES_ERROR;
				CLANG_WARN_SUSPICIOUS_MOVE = YES;
				CLANG_WARN_UNREACHABLE_CODE = YES;
				CLANG_WARN__DUPLICATE_METHOD_MATCH = YES;
				"CODE_SIGN_IDENTITY[sdk=iphoneos*]" = "iPhone Developer";
				COPY_PHASE_STRIP = NO;
				DEBUG_INFORMATION_FORMAT = dwarf;
				ENABLE_STRICT_OBJC_MSGSEND = YES;
				ENABLE_TESTABILITY = YES;
				GCC_C_LANGUAGE_STANDARD = gnu99;
				GCC_DYNAMIC_NO_PIC = NO;
				GCC_NO_COMMON_BLOCKS = YES;
				GCC_OPTIMIZATION_LEVEL = 0;
				GCC_PREPROCESSOR_DEFINITIONS = (
					"DEBUG=1",
					"$(inherited)",
				);
				GCC_WARN_64_TO_32_BIT_CONVERSION = YES;
				GCC_WARN_ABOUT_RETURN_TYPE = YES_ERROR;
				GCC_WARN_UNDECLARED_SELECTOR = YES;
				GCC_WARN_UNINITIALIZED_AUTOS = YES_AGGRESSIVE;
				GCC_WARN_UNUSED_FUNCTION = YES;
				GCC_WARN_UNUSED_VARIABLE = YES;
				IPHONEOS_DEPLOYMENT_TARGET = 10.3;
				MTL_ENABLE_DEBUG_INFO = YES;
				ONLY_ACTIVE_ARCH = YES;
				SDKROOT = iphoneos;
				SWIFT_ACTIVE_COMPILATION_CONDITIONS = DEBUG;
				SWIFT_OPTIMIZATION_LEVEL = "-Onone";
				TARGETED_DEVICE_FAMILY = "1,2";
			};
			name = Debug;
		};
		9A8A13391F6C82DA00D1DDDA /* Release */ = {
			isa = XCBuildConfiguration;
			buildSettings = {
				ALWAYS_SEARCH_USER_PATHS = NO;
				CLANG_ANALYZER_NONNULL = YES;
				CLANG_ANALYZER_NUMBER_OBJECT_CONVERSION = YES_AGGRESSIVE;
				CLANG_CXX_LANGUAGE_STANDARD = "gnu++0x";
				CLANG_CXX_LIBRARY = "libc++";
				CLANG_ENABLE_MODULES = YES;
				CLANG_ENABLE_OBJC_ARC = YES;
				CLANG_WARN_BOOL_CONVERSION = YES;
				CLANG_WARN_CONSTANT_CONVERSION = YES;
				CLANG_WARN_DIRECT_OBJC_ISA_USAGE = YES_ERROR;
				CLANG_WARN_DOCUMENTATION_COMMENTS = YES;
				CLANG_WARN_EMPTY_BODY = YES;
				CLANG_WARN_ENUM_CONVERSION = YES;
				CLANG_WARN_INFINITE_RECURSION = YES;
				CLANG_WARN_INT_CONVERSION = YES;
				CLANG_WARN_OBJC_ROOT_CLASS = YES_ERROR;
				CLANG_WARN_SUSPICIOUS_MOVE = YES;
				CLANG_WARN_UNREACHABLE_CODE = YES;
				CLANG_WARN__DUPLICATE_METHOD_MATCH = YES;
				"CODE_SIGN_IDENTITY[sdk=iphoneos*]" = "iPhone Developer";
				COPY_PHASE_STRIP = NO;
				DEBUG_INFORMATION_FORMAT = "dwarf-with-dsym";
				ENABLE_NS_ASSERTIONS = NO;
				ENABLE_STRICT_OBJC_MSGSEND = YES;
				GCC_C_LANGUAGE_STANDARD = gnu99;
				GCC_NO_COMMON_BLOCKS = YES;
				GCC_WARN_64_TO_32_BIT_CONVERSION = YES;
				GCC_WARN_ABOUT_RETURN_TYPE = YES_ERROR;
				GCC_WARN_UNDECLARED_SELECTOR = YES;
				GCC_WARN_UNINITIALIZED_AUTOS = YES_AGGRESSIVE;
				GCC_WARN_UNUSED_FUNCTION = YES;
				GCC_WARN_UNUSED_VARIABLE = YES;
				IPHONEOS_DEPLOYMENT_TARGET = 10.3;
				MTL_ENABLE_DEBUG_INFO = NO;
				SDKROOT = iphoneos;
				SWIFT_OPTIMIZATION_LEVEL = "-Owholemodule";
				TARGETED_DEVICE_FAMILY = "1,2";
				VALIDATE_PRODUCT = YES;
			};
			name = Release;
		};
		9A8A133B1F6C82DA00D1DDDA /* Debug */ = {
			isa = XCBuildConfiguration;
			baseConfigurationReference = CED610559463CFFF42BC1394 /* Pods-ios-swift-demo.debug.xcconfig */;
			buildSettings = {
				ASSETCATALOG_COMPILER_APPICON_NAME = AppIcon;
				DEVELOPMENT_TEAM = 6Y3A7AQ3G3;
				INFOPLIST_FILE = "ios-swift-demo/Info.plist";
				IPHONEOS_DEPLOYMENT_TARGET = 9.3;
				LD_RUNPATH_SEARCH_PATHS = "$(inherited) @executable_path/Frameworks";
				PRODUCT_BUNDLE_IDENTIFIER = "ca.bcit.ios-swift-demo";
				PRODUCT_NAME = "$(TARGET_NAME)";
				SWIFT_VERSION = 3.0;
			};
			name = Debug;
		};
		9A8A133C1F6C82DA00D1DDDA /* Release */ = {
			isa = XCBuildConfiguration;
			baseConfigurationReference = 54DE7B3B0B037AA88AE5BE74 /* Pods-ios-swift-demo.release.xcconfig */;
			buildSettings = {
				ASSETCATALOG_COMPILER_APPICON_NAME = AppIcon;
				DEVELOPMENT_TEAM = 6Y3A7AQ3G3;
				INFOPLIST_FILE = "ios-swift-demo/Info.plist";
				IPHONEOS_DEPLOYMENT_TARGET = 9.3;
				LD_RUNPATH_SEARCH_PATHS = "$(inherited) @executable_path/Frameworks";
				PRODUCT_BUNDLE_IDENTIFIER = "ca.bcit.ios-swift-demo";
				PRODUCT_NAME = "$(TARGET_NAME)";
				SWIFT_VERSION = 3.0;
			};
			name = Release;
		};
		9A8A133E1F6C82DA00D1DDDA /* Debug */ = {
			isa = XCBuildConfiguration;
			baseConfigurationReference = 2E1A24A1331A9D18D8FE57D0 /* Pods-ios-swift-demoTests.debug.xcconfig */;
			buildSettings = {
				ALWAYS_EMBED_SWIFT_STANDARD_LIBRARIES = YES;
				BUNDLE_LOADER = "$(TEST_HOST)";
				DEVELOPMENT_TEAM = 6Y3A7AQ3G3;
				INFOPLIST_FILE = "ios-swift-demoTests/Info.plist";
				LD_RUNPATH_SEARCH_PATHS = "$(inherited) @executable_path/Frameworks @loader_path/Frameworks";
				PRODUCT_BUNDLE_IDENTIFIER = "ca.bcit.ios-swift-demoTests";
				PRODUCT_NAME = "$(TARGET_NAME)";
				SWIFT_VERSION = 3.0;
				TEST_HOST = "$(BUILT_PRODUCTS_DIR)/ios-swift-demo.app/ios-swift-demo";
			};
			name = Debug;
		};
		9A8A133F1F6C82DA00D1DDDA /* Release */ = {
			isa = XCBuildConfiguration;
			baseConfigurationReference = 92E336A243FA11E612B550DD /* Pods-ios-swift-demoTests.release.xcconfig */;
			buildSettings = {
				ALWAYS_EMBED_SWIFT_STANDARD_LIBRARIES = YES;
				BUNDLE_LOADER = "$(TEST_HOST)";
				DEVELOPMENT_TEAM = 6Y3A7AQ3G3;
				INFOPLIST_FILE = "ios-swift-demoTests/Info.plist";
				LD_RUNPATH_SEARCH_PATHS = "$(inherited) @executable_path/Frameworks @loader_path/Frameworks";
				PRODUCT_BUNDLE_IDENTIFIER = "ca.bcit.ios-swift-demoTests";
				PRODUCT_NAME = "$(TARGET_NAME)";
				SWIFT_VERSION = 3.0;
				TEST_HOST = "$(BUILT_PRODUCTS_DIR)/ios-swift-demo.app/ios-swift-demo";
			};
			name = Release;
		};
		9A8A13411F6C82DA00D1DDDA /* Debug */ = {
			isa = XCBuildConfiguration;
			baseConfigurationReference = 8A7783FA9A0FA4A3995D74BE /* Pods-ios-swift-demoUITests.debug.xcconfig */;
			buildSettings = {
				ALWAYS_EMBED_SWIFT_STANDARD_LIBRARIES = YES;
				DEVELOPMENT_TEAM = 6Y3A7AQ3G3;
				INFOPLIST_FILE = "ios-swift-demoUITests/Info.plist";
				LD_RUNPATH_SEARCH_PATHS = "$(inherited) @executable_path/Frameworks @loader_path/Frameworks";
				PRODUCT_BUNDLE_IDENTIFIER = "ca.bcit.ios-swift-demoUITests";
				PRODUCT_NAME = "$(TARGET_NAME)";
				SWIFT_VERSION = 3.0;
				TEST_TARGET_NAME = "ios-swift-demo";
			};
			name = Debug;
		};
		9A8A13421F6C82DA00D1DDDA /* Release */ = {
			isa = XCBuildConfiguration;
			baseConfigurationReference = 04E8FAC26A7C0FD6AA4D8B81 /* Pods-ios-swift-demoUITests.release.xcconfig */;
			buildSettings = {
				ALWAYS_EMBED_SWIFT_STANDARD_LIBRARIES = YES;
				DEVELOPMENT_TEAM = 6Y3A7AQ3G3;
				INFOPLIST_FILE = "ios-swift-demoUITests/Info.plist";
				LD_RUNPATH_SEARCH_PATHS = "$(inherited) @executable_path/Frameworks @loader_path/Frameworks";
				PRODUCT_BUNDLE_IDENTIFIER = "ca.bcit.ios-swift-demoUITests";
				PRODUCT_NAME = "$(TARGET_NAME)";
				SWIFT_VERSION = 3.0;
				TEST_TARGET_NAME = "ios-swift-demo";
			};
			name = Release;
		};
/* End XCBuildConfiguration section */

/* Begin XCConfigurationList section */
		9A8A130D1F6C82DA00D1DDDA /* Build configuration list for PBXProject "ios-swift-demo" */ = {
			isa = XCConfigurationList;
			buildConfigurations = (
				9A8A13381F6C82DA00D1DDDA /* Debug */,
				9A8A13391F6C82DA00D1DDDA /* Release */,
			);
			defaultConfigurationIsVisible = 0;
			defaultConfigurationName = Release;
		};
		9A8A133A1F6C82DA00D1DDDA /* Build configuration list for PBXNativeTarget "ios-swift-demo" */ = {
			isa = XCConfigurationList;
			buildConfigurations = (
				9A8A133B1F6C82DA00D1DDDA /* Debug */,
				9A8A133C1F6C82DA00D1DDDA /* Release */,
			);
			defaultConfigurationIsVisible = 0;
		};
		9A8A133D1F6C82DA00D1DDDA /* Build configuration list for PBXNativeTarget "ios-swift-demoTests" */ = {
			isa = XCConfigurationList;
			buildConfigurations = (
				9A8A133E1F6C82DA00D1DDDA /* Debug */,
				9A8A133F1F6C82DA00D1DDDA /* Release */,
			);
			defaultConfigurationIsVisible = 0;
		};
		9A8A13401F6C82DA00D1DDDA /* Build configuration list for PBXNativeTarget "ios-swift-demoUITests" */ = {
			isa = XCConfigurationList;
			buildConfigurations = (
				9A8A13411F6C82DA00D1DDDA /* Debug */,
				9A8A13421F6C82DA00D1DDDA /* Release */,
			);
			defaultConfigurationIsVisible = 0;
		};
/* End XCConfigurationList section */
	};
	rootObject = 9A8A130A1F6C82DA00D1DDDA /* Project object */;
}
